
Microsoft Visual Studio Solution File, Format Version 12.00
# Visual Studio Version 17
VisualStudioVersion = 17.10.35122.118
MinimumVisualStudioVersion = 10.0.40219.1
Project("{FAE04EC0-301F-11D3-BF4B-00C04F79EFBC}") = "MyAppLauncher", "MyAppLauncher\MyAppLauncher.csproj", "{CF47AACC-7B9C-4D6B-BB0A-ED7264068CA4}"
EndProject
Project("{2150E333-8FDC-42A3-9474-1A3956D46DE8}") = "ソリューション項目", "ソリューション項目", "{73A67597-B887-4F8F-87CD-301C8D4A1C83}"
EndProject
Global
	GlobalSection(SolutionConfigurationPlatforms) = preSolution
		Debug|Any CPU = Debug|Any CPU
		Release|Any CPU = Release|Any CPU
	EndGlobalSection
	GlobalSection(ProjectConfigurationPlatforms) = postSolution
		{CF47AACC-7B9C-4D6B-BB0A-ED7264068CA4}.Debug|Any CPU.ActiveCfg = Debug|Any CPU
		{CF47AACC-7B9C-4D6B-BB0A-ED7264068CA4}.Debug|Any CPU.Build.0 = Debug|Any CPU
		{CF47AACC-7B9C-4D6B-BB0A-ED7264068CA4}.Release|Any CPU.ActiveCfg = Release|Any CPU
		{CF47AACC-7B9C-4D6B-BB0A-ED7264068CA4}.Release|Any CPU.Build.0 = Release|Any CPU
	EndGlobalSection
	GlobalSection(SolutionProperties) = preSolution
		HideSolutionNode = FALSE
	EndGlobalSection
	GlobalSection(ExtensibilityGlobals) = postSolution
		SolutionGuid = {8F8622CE-1B40-4D07-8019-4130B26389CF}
	EndGlobalSection
EndGlobal
